
Microsoft Visual Studio Solution File, Format Version 12.00
# Visual Studio 15
VisualStudioVersion = 15.0.28307.102
MinimumVisualStudioVersion = 10.0.40219.1
Project("{FAE04EC0-301F-11D3-BF4B-00C04F79EFBC}") = "Challenge_1", "Challenge_1\Challenge_1.csproj", "{22B624AC-153C-4362-8551-9F862392C7D5}"
EndProject
Project("{FAE04EC0-301F-11D3-BF4B-00C04F79EFBC}") = "Challenge_2", "Challenge_2\Challenge_2.csproj", "{4ECB453C-6139-476F-996D-2161AE34B7D7}"
EndProject
Project("{FAE04EC0-301F-11D3-BF4B-00C04F79EFBC}") = "Challenge_3", "Challenge_3\Challenge_3.csproj", "{8494B4A0-D338-4E6D-AE2A-15D4511EC6EE}"
EndProject
Project("{FAE04EC0-301F-11D3-BF4B-00C04F79EFBC}") = "Challenge_4", "Challenge_4\Challenge_4.csproj", "{2762C3A3-CBCC-442C-8B15-831BA4839AE5}"
EndProject
Project("{FAE04EC0-301F-11D3-BF4B-00C04F79EFBC}") = "Challenge_6", "Challenge_6\Challenge_6.csproj", "{028F6538-63B7-4948-B4F8-0022E68E9CD0}"
EndProject
Project("{FAE04EC0-301F-11D3-BF4B-00C04F79EFBC}") = "Challenge_5", "Challenge_5\Challenge_5.csproj", "{8BD3D61A-2728-4E76-AF25-E0F8C0481259}"
EndProject
Project("{FAE04EC0-301F-11D3-BF4B-00C04F79EFBC}") = "Challenge_7", "Challenge_7\Challenge_7.csproj", "{D969B719-DCD8-40E8-AC90-E4823FB95CF2}"
EndProject
Project("{FAE04EC0-301F-11D3-BF4B-00C04F79EFBC}") = "Challenge_8", "Challenge_8\Challenge_8.csproj", "{2C90DC04-3695-4A14-93D4-67FC002A840F}"
EndProject
Project("{FAE04EC0-301F-11D3-BF4B-00C04F79EFBC}") = "Challenge_1_Tests", "Challenge_1_Tests\Challenge_1_Tests.csproj", "{433FEA06-2396-48AF-8DE8-C00A896875D2}"
EndProject
Project("{FAE04EC0-301F-11D3-BF4B-00C04F79EFBC}") = "Challenge_2_Tests", "Challenge_2_Tests\Challenge_2_Tests.csproj", "{16249F56-4E76-4C97-96EB-33F7FAE1B78F}"
EndProject
Project("{FAE04EC0-301F-11D3-BF4B-00C04F79EFBC}") = "Challenge_3_Tests", "Challenge_3_Tests\Challenge_3_Tests.csproj", "{C7579D63-9490-4034-BF97-6FA5E205C53D}"
EndProject
Project("{FAE04EC0-301F-11D3-BF4B-00C04F79EFBC}") = "Challenge_4_Tests", "Challenge_4_Tests\Challenge_4_Tests.csproj", "{76962A8B-56D0-45E1-80DE-4B674956A800}"
EndProject
Project("{FAE04EC0-301F-11D3-BF4B-00C04F79EFBC}") = "Challenge_5_Tests", "Challenge_5_Tests\Challenge_5_Tests.csproj", "{0EE36845-7C0E-435A-92FB-F7D48761B79A}"
EndProject
Project("{FAE04EC0-301F-11D3-BF4B-00C04F79EFBC}") = "Challenge_6_Tests", "Challenge_6_Tests\Challenge_6_Tests.csproj", "{DEEEC288-1532-4509-ABFB-CDAAA04C5854}"
EndProject
Project("{FAE04EC0-301F-11D3-BF4B-00C04F79EFBC}") = "Challenge_7_Tests", "Challenge_7_Tests\Challenge_7_Tests.csproj", "{DD893EBA-B917-4984-BE57-6A1A81BBE696}"
EndProject
Project("{FAE04EC0-301F-11D3-BF4B-00C04F79EFBC}") = "Challenge_8_Tests", "Challenge_8_Tests\Challenge_8_Tests.csproj", "{72DF25F1-3A08-4B90-82C8-C789A3D3861D}"
EndProject
Global
	GlobalSection(SolutionConfigurationPlatforms) = preSolution
		Debug|Any CPU = Debug|Any CPU
		Release|Any CPU = Release|Any CPU
	EndGlobalSection
	GlobalSection(ProjectConfigurationPlatforms) = postSolution
		{22B624AC-153C-4362-8551-9F862392C7D5}.Debug|Any CPU.ActiveCfg = Debug|Any CPU
		{22B624AC-153C-4362-8551-9F862392C7D5}.Debug|Any CPU.Build.0 = Debug|Any CPU
		{22B624AC-153C-4362-8551-9F862392C7D5}.Release|Any CPU.ActiveCfg = Release|Any CPU
		{22B624AC-153C-4362-8551-9F862392C7D5}.Release|Any CPU.Build.0 = Release|Any CPU
		{4ECB453C-6139-476F-996D-2161AE34B7D7}.Debug|Any CPU.ActiveCfg = Debug|Any CPU
		{4ECB453C-6139-476F-996D-2161AE34B7D7}.Debug|Any CPU.Build.0 = Debug|Any CPU
		{4ECB453C-6139-476F-996D-2161AE34B7D7}.Release|Any CPU.ActiveCfg = Release|Any CPU
		{4ECB453C-6139-476F-996D-2161AE34B7D7}.Release|Any CPU.Build.0 = Release|Any CPU
		{8494B4A0-D338-4E6D-AE2A-15D4511EC6EE}.Debug|Any CPU.ActiveCfg = Debug|Any CPU
		{8494B4A0-D338-4E6D-AE2A-15D4511EC6EE}.Debug|Any CPU.Build.0 = Debug|Any CPU
		{8494B4A0-D338-4E6D-AE2A-15D4511EC6EE}.Release|Any CPU.ActiveCfg = Release|Any CPU
		{8494B4A0-D338-4E6D-AE2A-15D4511EC6EE}.Release|Any CPU.Build.0 = Release|Any CPU
		{2762C3A3-CBCC-442C-8B15-831BA4839AE5}.Debug|Any CPU.ActiveCfg = Debug|Any CPU
		{2762C3A3-CBCC-442C-8B15-831BA4839AE5}.Debug|Any CPU.Build.0 = Debug|Any CPU
		{2762C3A3-CBCC-442C-8B15-831BA4839AE5}.Release|Any CPU.ActiveCfg = Release|Any CPU
		{2762C3A3-CBCC-442C-8B15-831BA4839AE5}.Release|Any CPU.Build.0 = Release|Any CPU
		{028F6538-63B7-4948-B4F8-0022E68E9CD0}.Debug|Any CPU.ActiveCfg = Debug|Any CPU
		{028F6538-63B7-4948-B4F8-0022E68E9CD0}.Debug|Any CPU.Build.0 = Debug|Any CPU
		{028F6538-63B7-4948-B4F8-0022E68E9CD0}.Release|Any CPU.ActiveCfg = Release|Any CPU
		{028F6538-63B7-4948-B4F8-0022E68E9CD0}.Release|Any CPU.Build.0 = Release|Any CPU
		{8BD3D61A-2728-4E76-AF25-E0F8C0481259}.Debug|Any CPU.ActiveCfg = Debug|Any CPU
		{8BD3D61A-2728-4E76-AF25-E0F8C0481259}.Debug|Any CPU.Build.0 = Debug|Any CPU
		{8BD3D61A-2728-4E76-AF25-E0F8C0481259}.Release|Any CPU.ActiveCfg = Release|Any CPU
		{8BD3D61A-2728-4E76-AF25-E0F8C0481259}.Release|Any CPU.Build.0 = Release|Any CPU
		{D969B719-DCD8-40E8-AC90-E4823FB95CF2}.Debug|Any CPU.ActiveCfg = Debug|Any CPU
		{D969B719-DCD8-40E8-AC90-E4823FB95CF2}.Debug|Any CPU.Build.0 = Debug|Any CPU
		{D969B719-DCD8-40E8-AC90-E4823FB95CF2}.Release|Any CPU.ActiveCfg = Release|Any CPU
		{D969B719-DCD8-40E8-AC90-E4823FB95CF2}.Release|Any CPU.Build.0 = Release|Any CPU
		{2C90DC04-3695-4A14-93D4-67FC002A840F}.Debug|Any CPU.ActiveCfg = Debug|Any CPU
		{2C90DC04-3695-4A14-93D4-67FC002A840F}.Debug|Any CPU.Build.0 = Debug|Any CPU
		{2C90DC04-3695-4A14-93D4-67FC002A840F}.Release|Any CPU.ActiveCfg = Release|Any CPU
		{2C90DC04-3695-4A14-93D4-67FC002A840F}.Release|Any CPU.Build.0 = Release|Any CPU
		{433FEA06-2396-48AF-8DE8-C00A896875D2}.Debug|Any CPU.ActiveCfg = Debug|Any CPU
		{433FEA06-2396-48AF-8DE8-C00A896875D2}.Debug|Any CPU.Build.0 = Debug|Any CPU
		{433FEA06-2396-48AF-8DE8-C00A896875D2}.Release|Any CPU.ActiveCfg = Release|Any CPU
		{433FEA06-2396-48AF-8DE8-C00A896875D2}.Release|Any CPU.Build.0 = Release|Any CPU
		{16249F56-4E76-4C97-96EB-33F7FAE1B78F}.Debug|Any CPU.ActiveCfg = Debug|Any CPU
		{16249F56-4E76-4C97-96EB-33F7FAE1B78F}.Debug|Any CPU.Build.0 = Debug|Any CPU
		{16249F56-4E76-4C97-96EB-33F7FAE1B78F}.Release|Any CPU.ActiveCfg = Release|Any CPU
		{16249F56-4E76-4C97-96EB-33F7FAE1B78F}.Release|Any CPU.Build.0 = Release|Any CPU
		{C7579D63-9490-4034-BF97-6FA5E205C53D}.Debug|Any CPU.ActiveCfg = Debug|Any CPU
		{C7579D63-9490-4034-BF97-6FA5E205C53D}.Debug|Any CPU.Build.0 = Debug|Any CPU
		{C7579D63-9490-4034-BF97-6FA5E205C53D}.Release|Any CPU.ActiveCfg = Release|Any CPU
		{C7579D63-9490-4034-BF97-6FA5E205C53D}.Release|Any CPU.Build.0 = Release|Any CPU
		{76962A8B-56D0-45E1-80DE-4B674956A800}.Debug|Any CPU.ActiveCfg = Debug|Any CPU
		{76962A8B-56D0-45E1-80DE-4B674956A800}.Debug|Any CPU.Build.0 = Debug|Any CPU
		{76962A8B-56D0-45E1-80DE-4B674956A800}.Release|Any CPU.ActiveCfg = Release|Any CPU
		{76962A8B-56D0-45E1-80DE-4B674956A800}.Release|Any CPU.Build.0 = Release|Any CPU
		{0EE36845-7C0E-435A-92FB-F7D48761B79A}.Debug|Any CPU.ActiveCfg = Debug|Any CPU
		{0EE36845-7C0E-435A-92FB-F7D48761B79A}.Debug|Any CPU.Build.0 = Debug|Any CPU
		{0EE36845-7C0E-435A-92FB-F7D48761B79A}.Release|Any CPU.ActiveCfg = Release|Any CPU
		{0EE36845-7C0E-435A-92FB-F7D48761B79A}.Release|Any CPU.Build.0 = Release|Any CPU
		{DEEEC288-1532-4509-ABFB-CDAAA04C5854}.Debug|Any CPU.ActiveCfg = Debug|Any CPU
		{DEEEC288-1532-4509-ABFB-CDAAA04C5854}.Debug|Any CPU.Build.0 = Debug|Any CPU
		{DEEEC288-1532-4509-ABFB-CDAAA04C5854}.Release|Any CPU.ActiveCfg = Release|Any CPU
		{DEEEC288-1532-4509-ABFB-CDAAA04C5854}.Release|Any CPU.Build.0 = Release|Any CPU
		{DD893EBA-B917-4984-BE57-6A1A81BBE696}.Debug|Any CPU.ActiveCfg = Debug|Any CPU
		{DD893EBA-B917-4984-BE57-6A1A81BBE696}.Debug|Any CPU.Build.0 = Debug|Any CPU
		{DD893EBA-B917-4984-BE57-6A1A81BBE696}.Release|Any CPU.ActiveCfg = Release|Any CPU
		{DD893EBA-B917-4984-BE57-6A1A81BBE696}.Release|Any CPU.Build.0 = Release|Any CPU
		{72DF25F1-3A08-4B90-82C8-C789A3D3861D}.Debug|Any CPU.ActiveCfg = Debug|Any CPU
		{72DF25F1-3A08-4B90-82C8-C789A3D3861D}.Debug|Any CPU.Build.0 = Debug|Any CPU
		{72DF25F1-3A08-4B90-82C8-C789A3D3861D}.Release|Any CPU.ActiveCfg = Release|Any CPU
		{72DF25F1-3A08-4B90-82C8-C789A3D3861D}.Release|Any CPU.Build.0 = Release|Any CPU
	EndGlobalSection
	GlobalSection(SolutionProperties) = preSolution
		HideSolutionNode = FALSE
	EndGlobalSection
	GlobalSection(ExtensibilityGlobals) = postSolution
		SolutionGuid = {7384E886-EA64-4F2B-AE41-B00D4C6FBFB6}
	EndGlobalSection
EndGlobal
